{
  "version": 4,
  "terraform_version": "1.0.0",
  "serial": 5,
  "lineage": "ff026bd8-5d60-1874-888f-b30dd6b9ec0a",
  "outputs": {
    "app_url": {
      "value": "https://book-records-app.herokuapp.com",
      "type": "string"
    }
  },
  "resources": [
    {
      "mode": "managed",
      "type": "heroku_app",
      "name": "fastapi_app",
      "provider": "provider[\"registry.terraform.io/heroku/heroku\"]",
      "instances": [
        {
          "schema_version": 1,
          "attributes": {
            "acm": false,
            "all_config_vars": {
              "PYTHON_VERSION": "3.10.13"
            },
            "buildpacks": [
              "heroku/python"
            ],
            "config_vars": {
              "PYTHON_VERSION": "3.10.13"
            },
            "git_url": "https://git.heroku.com/book-records-app.git",
            "heroku_hostname": "book-records-app-764c9a68311f.herokuapp.com",
            "id": "586663d2-4bc4-44d4-8fe8-ad4d195efb6c",
            "internal_routing": false,
            "name": "book-records-app",
            "organization": [],
            "region": "us",
            "sensitive_config_vars": {},
            "space": null,
            "stack": "container",
            "uuid": "586663d2-4bc4-44d4-8fe8-ad4d195efb6c",
            "web_url": "https://book-records-app-764c9a68311f.herokuapp.com/"
          },
          "sensitive_attributes": [],
          "private": "eyJzY2hlbWFfdmVyc2lvbiI6IjEifQ=="
        }
      ]
    }
  ]
}
